
Microsoft Visual Studio Solution File, Format Version 12.00
# Visual Studio Version 17
VisualStudioVersion = 17.7.34018.315
MinimumVisualStudioVersion = 10.0.40219.1
Project("{2150E333-8FDC-42A3-9474-1A3956D46DE8}") = "src", "src", "{941DE0DB-3206-4234-8CB4-BAE9350A121C}"
EndProject
Project("{2150E333-8FDC-42A3-9474-1A3956D46DE8}") = "1.Api", "1.Api", "{C9956D13-E72A-477F-B57A-2DA3EE5484EE}"
EndProject
Project("{2150E333-8FDC-42A3-9474-1A3956D46DE8}") = "2.Application", "2.Application", "{93276ADC-C62A-4564-B130-941E167D6F69}"
EndProject
Project("{2150E333-8FDC-42A3-9474-1A3956D46DE8}") = "3.Core", "3.Core", "{7007475A-B9AB-4198-8A84-A28D234CCC4D}"
EndProject
Project("{2150E333-8FDC-42A3-9474-1A3956D46DE8}") = "4.Infrastructure", "4.Infrastructure", "{0FEB12BE-188C-4696-8E26-56B58F11A9C5}"
EndProject
Project("{FAE04EC0-301F-11D3-BF4B-00C04F79EFBC}") = "ShopWhiskey.API", "ShopWhiskey.API\ShopWhiskey.API.csproj", "{7B171AA6-7FF7-4768-A862-7AC3CDE58ECC}"
EndProject
Project("{FAE04EC0-301F-11D3-BF4B-00C04F79EFBC}") = "ShopWhiskey.Application", "ShopWhiskey.Application.Output\ShopWhiskey.Application.csproj", "{292893CD-DCB8-462D-9AA1-C0F180BC9AFF}"
EndProject
Project("{FAE04EC0-301F-11D3-BF4B-00C04F79EFBC}") = "ShopWhiskey.Core", "ShopWhiskey.Core\ShopWhiskey.Core.csproj", "{5B7C1627-7DAF-49F2-857B-77A8FB9A0F1E}"
EndProject
Project("{FAE04EC0-301F-11D3-BF4B-00C04F79EFBC}") = "ShopWhiskey.Data", "ShopWhiskey.Data\ShopWhiskey.Data.csproj", "{605F8A2D-9137-411A-91DD-3146814AEE2F}"
EndProject
Project("{FAE04EC0-301F-11D3-BF4B-00C04F79EFBC}") = "ShopWhiskey.CrossCutting", "ShopWhiskey.CrossCutting\ShopWhiskey.CrossCutting.csproj", "{839F1839-86B3-49D7-8558-89B1F9AB5503}"
EndProject
Global
	GlobalSection(SolutionConfigurationPlatforms) = preSolution
		Debug|Any CPU = Debug|Any CPU
		Release|Any CPU = Release|Any CPU
	EndGlobalSection
	GlobalSection(ProjectConfigurationPlatforms) = postSolution
		{7B171AA6-7FF7-4768-A862-7AC3CDE58ECC}.Debug|Any CPU.ActiveCfg = Debug|Any CPU
		{7B171AA6-7FF7-4768-A862-7AC3CDE58ECC}.Debug|Any CPU.Build.0 = Debug|Any CPU
		{7B171AA6-7FF7-4768-A862-7AC3CDE58ECC}.Release|Any CPU.ActiveCfg = Release|Any CPU
		{7B171AA6-7FF7-4768-A862-7AC3CDE58ECC}.Release|Any CPU.Build.0 = Release|Any CPU
		{292893CD-DCB8-462D-9AA1-C0F180BC9AFF}.Debug|Any CPU.ActiveCfg = Debug|Any CPU
		{292893CD-DCB8-462D-9AA1-C0F180BC9AFF}.Debug|Any CPU.Build.0 = Debug|Any CPU
		{292893CD-DCB8-462D-9AA1-C0F180BC9AFF}.Release|Any CPU.ActiveCfg = Release|Any CPU
		{292893CD-DCB8-462D-9AA1-C0F180BC9AFF}.Release|Any CPU.Build.0 = Release|Any CPU
		{5B7C1627-7DAF-49F2-857B-77A8FB9A0F1E}.Debug|Any CPU.ActiveCfg = Debug|Any CPU
		{5B7C1627-7DAF-49F2-857B-77A8FB9A0F1E}.Debug|Any CPU.Build.0 = Debug|Any CPU
		{5B7C1627-7DAF-49F2-857B-77A8FB9A0F1E}.Release|Any CPU.ActiveCfg = Release|Any CPU
		{5B7C1627-7DAF-49F2-857B-77A8FB9A0F1E}.Release|Any CPU.Build.0 = Release|Any CPU
		{605F8A2D-9137-411A-91DD-3146814AEE2F}.Debug|Any CPU.ActiveCfg = Debug|Any CPU
		{605F8A2D-9137-411A-91DD-3146814AEE2F}.Debug|Any CPU.Build.0 = Debug|Any CPU
		{605F8A2D-9137-411A-91DD-3146814AEE2F}.Release|Any CPU.ActiveCfg = Release|Any CPU
		{605F8A2D-9137-411A-91DD-3146814AEE2F}.Release|Any CPU.Build.0 = Release|Any CPU
		{839F1839-86B3-49D7-8558-89B1F9AB5503}.Debug|Any CPU.ActiveCfg = Debug|Any CPU
		{839F1839-86B3-49D7-8558-89B1F9AB5503}.Debug|Any CPU.Build.0 = Debug|Any CPU
		{839F1839-86B3-49D7-8558-89B1F9AB5503}.Release|Any CPU.ActiveCfg = Release|Any CPU
		{839F1839-86B3-49D7-8558-89B1F9AB5503}.Release|Any CPU.Build.0 = Release|Any CPU
	EndGlobalSection
	GlobalSection(SolutionProperties) = preSolution
		HideSolutionNode = FALSE
	EndGlobalSection
	GlobalSection(NestedProjects) = preSolution
		{C9956D13-E72A-477F-B57A-2DA3EE5484EE} = {941DE0DB-3206-4234-8CB4-BAE9350A121C}
		{93276ADC-C62A-4564-B130-941E167D6F69} = {941DE0DB-3206-4234-8CB4-BAE9350A121C}
		{7007475A-B9AB-4198-8A84-A28D234CCC4D} = {941DE0DB-3206-4234-8CB4-BAE9350A121C}
		{0FEB12BE-188C-4696-8E26-56B58F11A9C5} = {941DE0DB-3206-4234-8CB4-BAE9350A121C}
		{7B171AA6-7FF7-4768-A862-7AC3CDE58ECC} = {C9956D13-E72A-477F-B57A-2DA3EE5484EE}
		{292893CD-DCB8-462D-9AA1-C0F180BC9AFF} = {93276ADC-C62A-4564-B130-941E167D6F69}
		{5B7C1627-7DAF-49F2-857B-77A8FB9A0F1E} = {7007475A-B9AB-4198-8A84-A28D234CCC4D}
		{605F8A2D-9137-411A-91DD-3146814AEE2F} = {0FEB12BE-188C-4696-8E26-56B58F11A9C5}
		{839F1839-86B3-49D7-8558-89B1F9AB5503} = {0FEB12BE-188C-4696-8E26-56B58F11A9C5}
	EndGlobalSection
	GlobalSection(ExtensibilityGlobals) = postSolution
		SolutionGuid = {6E0C43CE-B057-4874-864A-F91ED4E2D0E1}
	EndGlobalSection
EndGlobal
